
Microsoft Visual Studio Solution File, Format Version 12.00
# Visual Studio Version 16
VisualStudioVersion = 16.0.29102.190
MinimumVisualStudioVersion = 10.0.40219.1
Project("{FAE04EC0-301F-11D3-BF4B-00C04F79EFBC}") = "VerifyZdUserEmailAddresses", "VerifyZdUserEmailAddresses.csproj", "{D71996BA-E8DA-4856-9DE3-E29A4AB8A93A}"
EndProject
Global
	GlobalSection(SolutionConfigurationPlatforms) = preSolution
		Debug|Any CPU = Debug|Any CPU
		Release|Any CPU = Release|Any CPU
	EndGlobalSection
	GlobalSection(ProjectConfigurationPlatforms) = postSolution
		{D71996BA-E8DA-4856-9DE3-E29A4AB8A93A}.Debug|Any CPU.ActiveCfg = Debug|Any CPU
		{D71996BA-E8DA-4856-9DE3-E29A4AB8A93A}.Debug|Any CPU.Build.0 = Debug|Any CPU
		{D71996BA-E8DA-4856-9DE3-E29A4AB8A93A}.Release|Any CPU.ActiveCfg = Release|Any CPU
		{D71996BA-E8DA-4856-9DE3-E29A4AB8A93A}.Release|Any CPU.Build.0 = Release|Any CPU
	EndGlobalSection
	GlobalSection(SolutionProperties) = preSolution
		HideSolutionNode = FALSE
	EndGlobalSection
	GlobalSection(ExtensibilityGlobals) = postSolution
		SolutionGuid = {BE87B7E1-53E6-4CDD-8C47-B94A4B118BD9}
	EndGlobalSection
EndGlobal
